
Microsoft Visual Studio Solution File, Format Version 12.00
# Visual Studio 14
VisualStudioVersion = 14.0.23107.0
MinimumVisualStudioVersion = 10.0.40219.1
Project("{E24C65DC-7377-472B-9ABA-BC803B73C61A}") = "structural_mechanics", ".", "{7A148908-2AF9-44AC-8DDC-8E4D380C1C2E}"
	ProjectSection(WebsiteProperties) = preProject
		TargetFrameworkMoniker = ".NETFramework,Version%3Dv4.5.2"
		Debug.AspNetCompiler.VirtualPath = "/localhost_4148"
		Debug.AspNetCompiler.PhysicalPath = "..\structural_mechanics\"
		Debug.AspNetCompiler.TargetPath = "PrecompiledWeb\localhost_4148\"
		Debug.AspNetCompiler.Updateable = "true"
		Debug.AspNetCompiler.ForceOverwrite = "true"
		Debug.AspNetCompiler.FixedNames = "false"
		Debug.AspNetCompiler.Debug = "True"
		Release.AspNetCompiler.VirtualPath = "/localhost_4148"
		Release.AspNetCompiler.PhysicalPath = "..\structural_mechanics\"
		Release.AspNetCompiler.TargetPath = "PrecompiledWeb\localhost_4148\"
		Release.AspNetCompiler.Updateable = "true"
		Release.AspNetCompiler.ForceOverwrite = "true"
		Release.AspNetCompiler.FixedNames = "false"
		Release.AspNetCompiler.Debug = "False"
		VWDPort = "4148"
		SlnRelativePath = "..\structural_mechanics\"
		DefaultWebSiteLanguage = "Visual C#"
	EndProjectSection
EndProject
Global
	GlobalSection(SolutionConfigurationPlatforms) = preSolution
		Debug|Any CPU = Debug|Any CPU
	EndGlobalSection
	GlobalSection(ProjectConfigurationPlatforms) = postSolution
		{7A148908-2AF9-44AC-8DDC-8E4D380C1C2E}.Debug|Any CPU.ActiveCfg = Debug|Any CPU
		{7A148908-2AF9-44AC-8DDC-8E4D380C1C2E}.Debug|Any CPU.Build.0 = Debug|Any CPU
	EndGlobalSection
	GlobalSection(SolutionProperties) = preSolution
		HideSolutionNode = FALSE
	EndGlobalSection
EndGlobal
